
Microsoft Visual Studio Solution File, Format Version 12.00
# Visual Studio Version 17
VisualStudioVersion = 17.11.35208.52
MinimumVisualStudioVersion = 10.0.40219.1
Project("{FAE04EC0-301F-11D3-BF4B-00C04F79EFBC}") = "CRUD using SQL", "CRUD using SQL.csproj", "{81AA9AD8-0B4C-4335-8756-0275782A0D6B}"
EndProject
Global
	GlobalSection(SolutionConfigurationPlatforms) = preSolution
		Debug|Any CPU = Debug|Any CPU
		Release|Any CPU = Release|Any CPU
	EndGlobalSection
	GlobalSection(ProjectConfigurationPlatforms) = postSolution
		{81AA9AD8-0B4C-4335-8756-0275782A0D6B}.Debug|Any CPU.ActiveCfg = Debug|Any CPU
		{81AA9AD8-0B4C-4335-8756-0275782A0D6B}.Debug|Any CPU.Build.0 = Debug|Any CPU
		{81AA9AD8-0B4C-4335-8756-0275782A0D6B}.Release|Any CPU.ActiveCfg = Release|Any CPU
		{81AA9AD8-0B4C-4335-8756-0275782A0D6B}.Release|Any CPU.Build.0 = Release|Any CPU
	EndGlobalSection
	GlobalSection(SolutionProperties) = preSolution
		HideSolutionNode = FALSE
	EndGlobalSection
	GlobalSection(ExtensibilityGlobals) = postSolution
		SolutionGuid = {63E037C9-F28D-4A8A-93B4-B3CC7CC4BDBC}
	EndGlobalSection
EndGlobal
